// !$*UTF8*$!
{
	archiveVersion = 1;
	classes = {
	};
	objectVersion = 55;
	objects = {

/* Begin PBXBuildFile section */
		AEF38C5A28A5F21D002DC39D /* AppDelegate.swift in Sources */ = {isa = PBXBuildFile; fileRef = AEF38C5928A5F21D002DC39D /* AppDelegate.swift */; };
		AEF38C5C28A5F21D002DC39D /* SceneDelegate.swift in Sources */ = {isa = PBXBuildFile; fileRef = AEF38C5B28A5F21D002DC39D /* SceneDelegate.swift */; };
		AEF38C5E28A5F21D002DC39D /* ViewController.swift in Sources */ = {isa = PBXBuildFile; fileRef = AEF38C5D28A5F21D002DC39D /* ViewController.swift */; };
		AEF38C6128A5F21D002DC39D /* Main.storyboard in Resources */ = {isa = PBXBuildFile; fileRef = AEF38C5F28A5F21D002DC39D /* Main.storyboard */; };
		AEF38C6328A5F221002DC39D /* Assets.xcassets in Resources */ = {isa = PBXBuildFile; fileRef = AEF38C6228A5F221002DC39D /* Assets.xcassets */; };
		AEF38C6628A5F221002DC39D /* LaunchScreen.storyboard in Resources */ = {isa = PBXBuildFile; fileRef = AEF38C6428A5F221002DC39D /* LaunchScreen.storyboard */; };
		AEF38C7128A5F221002DC39D /* TipsTests.swift in Sources */ = {isa = PBXBuildFile; fileRef = AEF38C7028A5F221002DC39D /* TipsTests.swift */; };
		AEF38C7B28A5F221002DC39D /* TipsUITests.swift in Sources */ = {isa = PBXBuildFile; fileRef = AEF38C7A28A5F221002DC39D /* TipsUITests.swift */; };
		AEF38C7D28A5F221002DC39D /* TipsUITestsLaunchTests.swift in Sources */ = {isa = PBXBuildFile; fileRef = AEF38C7C28A5F221002DC39D /* TipsUITestsLaunchTests.swift */; };
/* End PBXBuildFile section */

/* Begin PBXContainerItemProxy section */
		AEF38C6D28A5F221002DC39D /* PBXContainerItemProxy */ = {
			isa = PBXContainerItemProxy;
			containerPortal = AEF38C4E28A5F21D002DC39D /* Project object */;
			proxyType = 1;
			remoteGlobalIDString = AEF38C5528A5F21D002DC39D;
			remoteInfo = Tips;
		};
		AEF38C7728A5F221002DC39D /* PBXContainerItemProxy */ = {
			isa = PBXContainerItemProxy;
			containerPortal = AEF38C4E28A5F21D002DC39D /* Project object */;
			proxyType = 1;
			remoteGlobalIDString = AEF38C5528A5F21D002DC39D;
			remoteInfo = Tips;
		};
/* End PBXContainerItemProxy section */

/* Begin PBXFileReference section */
		AEF38C5628A5F21D002DC39D /* Tips.app */ = {isa = PBXFileReference; explicitFileType = wrapper.application; includeInIndex = 0; path = Tips.app; sourceTree = BUILT_PRODUCTS_DIR; };
		AEF38C5928A5F21D002DC39D /* AppDelegate.swift */ = {isa = PBXFileReference; lastKnownFileType = sourcecode.swift; path = AppDelegate.swift; sourceTree = "<group>"; };
		AEF38C5B28A5F21D002DC39D /* SceneDelegate.swift */ = {isa = PBXFileReference; lastKnownFileType = sourcecode.swift; path = SceneDelegate.swift; sourceTree = "<group>"; };
		AEF38C5D28A5F21D002DC39D /* ViewController.swift */ = {isa = PBXFileReference; lastKnownFileType = sourcecode.swift; path = ViewController.swift; sourceTree = "<group>"; };
		AEF38C6028A5F21D002DC39D /* Base */ = {isa = PBXFileReference; lastKnownFileType = file.storyboard; name = Base; path = Base.lproj/Main.storyboard; sourceTree = "<group>"; };
		AEF38C6228A5F221002DC39D /* Assets.xcassets */ = {isa = PBXFileReference; lastKnownFileType = folder.assetcatalog; path = Assets.xcassets; sourceTree = "<group>"; };
		AEF38C6528A5F221002DC39D /* Base */ = {isa = PBXFileReference; lastKnownFileType = file.storyboard; name = Base; path = Base.lproj/LaunchScreen.storyboard; sourceTree = "<group>"; };
		AEF38C6728A5F221002DC39D /* Info.plist */ = {isa = PBXFileReference; lastKnownFileType = text.plist.xml; path = Info.plist; sourceTree = "<group>"; };
		AEF38C6C28A5F221002DC39D /* TipsTests.xctest */ = {isa = PBXFileReference; explicitFileType = wrapper.cfbundle; includeInIndex = 0; path = TipsTests.xctest; sourceTree = BUILT_PRODUCTS_DIR; };
		AEF38C7028A5F221002DC39D /* TipsTests.swift */ = {isa = PBXFileReference; lastKnownFileType = sourcecode.swift; path = TipsTests.swift; sourceTree = "<group>"; };
		AEF38C7628A5F221002DC39D /* TipsUITests.xctest */ = {isa = PBXFileReference; explicitFileType = wrapper.cfbundle; includeInIndex = 0; path = TipsUITests.xctest; sourceTree = BUILT_PRODUCTS_DIR; };
		AEF38C7A28A5F221002DC39D /* TipsUITests.swift */ = {isa = PBXFileReference; lastKnownFileType = sourcecode.swift; path = TipsUITests.swift; sourceTree = "<group>"; };
		AEF38C7C28A5F221002DC39D /* TipsUITestsLaunchTests.swift */ = {isa = PBXFileReference; lastKnownFileType = sourcecode.swift; path = TipsUITestsLaunchTests.swift; sourceTree = "<group>"; };
/* End PBXFileReference section */

/* Begin PBXFrameworksBuildPhase section */
		AEF38C5328A5F21D002DC39D /* Frameworks */ = {
			isa = PBXFrameworksBuildPhase;
			buildActionMask = 2147483647;
			files = (
			);
			runOnlyForDeploymentPostprocessing = 0;
		};
		AEF38C6928A5F221002DC39D /* Frameworks */ = {
			isa = PBXFrameworksBuildPhase;
			buildActionMask = 2147483647;
			files = (
			);
			runOnlyForDeploymentPostprocessing = 0;
		};
		AEF38C7328A5F221002DC39D /* Frameworks */ = {
			isa = PBXFrameworksBuildPhase;
			buildActionMask = 2147483647;
			files = (
			);
			runOnlyForDeploymentPostprocessing = 0;
		};
/* End PBXFrameworksBuildPhase section */

/* Begin PBXGroup section */
		AEF38C4D28A5F21D002DC39D = {
			isa = PBXGroup;
			children = (
				AEF38C5828A5F21D002DC39D /* Tips */,
				AEF38C6F28A5F221002DC39D /* TipsTests */,
				AEF38C7928A5F221002DC39D /* TipsUITests */,
				AEF38C5728A5F21D002DC39D /* Products */,
			);
			sourceTree = "<group>";
		};
		AEF38C5728A5F21D002DC39D /* Products */ = {
			isa = PBXGroup;
			children = (
				AEF38C5628A5F21D002DC39D /* Tips.app */,
				AEF38C6C28A5F221002DC39D /* TipsTests.xctest */,
				AEF38C7628A5F221002DC39D /* TipsUITests.xctest */,
			);
			name = Products;
			sourceTree = "<group>";
		};
		AEF38C5828A5F21D002DC39D /* Tips */ = {
			isa = PBXGroup;
			children = (
				AEF38C5928A5F21D002DC39D /* AppDelegate.swift */,
				AEF38C5B28A5F21D002DC39D /* SceneDelegate.swift */,
				AEF38C5D28A5F21D002DC39D /* ViewController.swift */,
				AEF38C5F28A5F21D002DC39D /* Main.storyboard */,
				AEF38C6228A5F221002DC39D /* Assets.xcassets */,
				AEF38C6428A5F221002DC39D /* LaunchScreen.storyboard */,
				AEF38C6728A5F221002DC39D /* Info.plist */,
			);
			path = Tips;
			sourceTree = "<group>";
		};
		AEF38C6F28A5F221002DC39D /* TipsTests */ = {
			isa = PBXGroup;
			children = (
				AEF38C7028A5F221002DC39D /* TipsTests.swift */,
			);
			path = TipsTests;
			sourceTree = "<group>";
		};
		AEF38C7928A5F221002DC39D /* TipsUITests */ = {
			isa = PBXGroup;
			children = (
				AEF38C7A28A5F221002DC39D /* TipsUITests.swift */,
				AEF38C7C28A5F221002DC39D /* TipsUITestsLaunchTests.swift */,
			);
			path = TipsUITests;
			sourceTree = "<group>";
		};
/* End PBXGroup section */

/* Begin PBXNativeTarget section */
		AEF38C5528A5F21D002DC39D /* Tips */ = {
			isa = PBXNativeTarget;
			buildConfigurationList = AEF38C8028A5F221002DC39D /* Build configuration list for PBXNativeTarget "Tips" */;
			buildPhases = (
				AEF38C5228A5F21D002DC39D /* Sources */,
				AEF38C5328A5F21D002DC39D /* Frameworks */,
				AEF38C5428A5F21D002DC39D /* Resources */,
			);
			buildRules = (
			);
			dependencies = (
			);
			name = Tips;
			productName = Tips;
			productReference = AEF38C5628A5F21D002DC39D /* Tips.app */;
			productType = "com.apple.product-type.application";
		};
		AEF38C6B28A5F221002DC39D /* TipsTests */ = {
			isa = PBXNativeTarget;
			buildConfigurationList = AEF38C8328A5F221002DC39D /* Build configuration list for PBXNativeTarget "TipsTests" */;
			buildPhases = (
				AEF38C6828A5F221002DC39D /* Sources */,
				AEF38C6928A5F221002DC39D /* Frameworks */,
				AEF38C6A28A5F221002DC39D /* Resources */,
			);
			buildRules = (
			);
			dependencies = (
				AEF38C6E28A5F221002DC39D /* PBXTargetDependency */,
			);
			name = TipsTests;
			productName = TipsTests;
			productReference = AEF38C6C28A5F221002DC39D /* TipsTests.xctest */;
			productType = "com.apple.product-type.bundle.unit-test";
		};
		AEF38C7528A5F221002DC39D /* TipsUITests */ = {
			isa = PBXNativeTarget;
			buildConfigurationList = AEF38C8628A5F221002DC39D /* Build configuration list for PBXNativeTarget "TipsUITests" */;
			buildPhases = (
				AEF38C7228A5F221002DC39D /* Sources */,
				AEF38C7328A5F221002DC39D /* Frameworks */,
				AEF38C7428A5F221002DC39D /* Resources */,
			);
			buildRules = (
			);
			dependencies = (
				AEF38C7828A5F221002DC39D /* PBXTargetDependency */,
			);
			name = TipsUITests;
			productName = TipsUITests;
			productReference = AEF38C7628A5F221002DC39D /* TipsUITests.xctest */;
			productType = "com.apple.product-type.bundle.ui-testing";
		};
/* End PBXNativeTarget section */

/* Begin PBXProject section */
		AEF38C4E28A5F21D002DC39D /* Project object */ = {
			isa = PBXProject;
			attributes = {
				BuildIndependentTargetsInParallel = 1;
				LastSwiftUpdateCheck = 1330;
				LastUpgradeCheck = 1330;
				TargetAttributes = {
					AEF38C5528A5F21D002DC39D = {
						CreatedOnToolsVersion = 13.3;
					};
					AEF38C6B28A5F221002DC39D = {
						CreatedOnToolsVersion = 13.3;
						TestTargetID = AEF38C5528A5F21D002DC39D;
					};
					AEF38C7528A5F221002DC39D = {
						CreatedOnToolsVersion = 13.3;
						TestTargetID = AEF38C5528A5F21D002DC39D;
					};
				};
			};
			buildConfigurationList = AEF38C5128A5F21D002DC39D /* Build configuration list for PBXProject "Tips" */;
			compatibilityVersion = "Xcode 13.0";
			developmentRegion = en;
			hasScannedForEncodings = 0;
			knownRegions = (
				en,
				Base,
			);
			mainGroup = AEF38C4D28A5F21D002DC39D;
			productRefGroup = AEF38C5728A5F21D002DC39D /* Products */;
			projectDirPath = "";
			projectRoot = "";
			targets = (
				AEF38C5528A5F21D002DC39D /* Tips */,
				AEF38C6B28A5F221002DC39D /* TipsTests */,
				AEF38C7528A5F221002DC39D /* TipsUITests */,
			);
		};
/* End PBXProject section */

/* Begin PBXResourcesBuildPhase section */
		AEF38C5428A5F21D002DC39D /* Resources */ = {
			isa = PBXResourcesBuildPhase;
			buildActionMask = 2147483647;
			files = (
				AEF38C6628A5F221002DC39D /* LaunchScreen.storyboard in Resources */,
				AEF38C6328A5F221002DC39D /* Assets.xcassets in Resources */,
				AEF38C6128A5F21D002DC39D /* Main.storyboard in Resources */,
			);
			runOnlyForDeploymentPostprocessing = 0;
		};
		AEF38C6A28A5F221002DC39D /* Resources */ = {
			isa = PBXResourcesBuildPhase;
			buildActionMask = 2147483647;
			files = (
			);
			runOnlyForDeploymentPostprocessing = 0;
		};
		AEF38C7428A5F221002DC39D /* Resources */ = {
			isa = PBXResourcesBuildPhase;
			buildActionMask = 2147483647;
			files = (
			);
			runOnlyForDeploymentPostprocessing = 0;
		};
/* End PBXResourcesBuildPhase section */

/* Begin PBXSourcesBuildPhase section */
		AEF38C5228A5F21D002DC39D /* Sources */ = {
			isa = PBXSourcesBuildPhase;
			buildActionMask = 2147483647;
			files = (
				AEF38C5E28A5F21D002DC39D /* ViewController.swift in Sources */,
				AEF38C5A28A5F21D002DC39D /* AppDelegate.swift in Sources */,
				AEF38C5C28A5F21D002DC39D /* SceneDelegate.swift in Sources */,
			);
			runOnlyForDeploymentPostprocessing = 0;
		};
		AEF38C6828A5F221002DC39D /* Sources */ = {
			isa = PBXSourcesBuildPhase;
			buildActionMask = 2147483647;
			files = (
				AEF38C7128A5F221002DC39D /* TipsTests.swift in Sources */,
			);
			runOnlyForDeploymentPostprocessing = 0;
		};
		AEF38C7228A5F221002DC39D /* Sources */ = {
			isa = PBXSourcesBuildPhase;
			buildActionMask = 2147483647;
			files = (
				AEF38C7D28A5F221002DC39D /* TipsUITestsLaunchTests.swift in Sources */,
				AEF38C7B28A5F221002DC39D /* TipsUITests.swift in Sources */,
			);
			runOnlyForDeploymentPostprocessing = 0;
		};
/* End PBXSourcesBuildPhase section */

/* Begin PBXTargetDependency section */
		AEF38C6E28A5F221002DC39D /* PBXTargetDependency */ = {
			isa = PBXTargetDependency;
			target = AEF38C5528A5F21D002DC39D /* Tips */;
			targetProxy = AEF38C6D28A5F221002DC39D /* PBXContainerItemProxy */;
		};
		AEF38C7828A5F221002DC39D /* PBXTargetDependency */ = {
			isa = PBXTargetDependency;
			target = AEF38C5528A5F21D002DC39D /* Tips */;
			targetProxy = AEF38C7728A5F221002DC39D /* PBXContainerItemProxy */;
		};
/* End PBXTargetDependency section */

/* Begin PBXVariantGroup section */
		AEF38C5F28A5F21D002DC39D /* Main.storyboard */ = {
			isa = PBXVariantGroup;
			children = (
				AEF38C6028A5F21D002DC39D /* Base */,
			);
			name = Main.storyboard;
			sourceTree = "<group>";
		};
		AEF38C6428A5F221002DC39D /* LaunchScreen.storyboard */ = {
			isa = PBXVariantGroup;
			children = (
				AEF38C6528A5F221002DC39D /* Base */,
			);
			name = LaunchScreen.storyboard;
			sourceTree = "<group>";
		};
/* End PBXVariantGroup section */

/* Begin XCBuildConfiguration section */
		AEF38C7E28A5F221002DC39D /* Debug */ = {
			isa = XCBuildConfiguration;
			buildSettings = {
				ALWAYS_SEARCH_USER_PATHS = NO;
				CLANG_ANALYZER_NONNULL = YES;
				CLANG_ANALYZER_NUMBER_OBJECT_CONVERSION = YES_AGGRESSIVE;
				CLANG_CXX_LANGUAGE_STANDARD = "gnu++17";
				CLANG_ENABLE_MODULES = YES;
				CLANG_ENABLE_OBJC_ARC = YES;
				CLANG_ENABLE_OBJC_WEAK = YES;
				CLANG_WARN_BLOCK_CAPTURE_AUTORELEASING = YES;
				CLANG_WARN_BOOL_CONVERSION = YES;
				CLANG_WARN_COMMA = YES;
				CLANG_WARN_CONSTANT_CONVERSION = YES;
				CLANG_WARN_DEPRECATED_OBJC_IMPLEMENTATIONS = YES;
				CLANG_WARN_DIRECT_OBJC_ISA_USAGE = YES_ERROR;
				CLANG_WARN_DOCUMENTATION_COMMENTS = YES;
				CLANG_WARN_EMPTY_BODY = YES;
				CLANG_WARN_ENUM_CONVERSION = YES;
				CLANG_WARN_INFINITE_RECURSION = YES;
				CLANG_WARN_INT_CONVERSION = YES;
				CLANG_WARN_NON_LITERAL_NULL_CONVERSION = YES;
				CLANG_WARN_OBJC_IMPLICIT_RETAIN_SELF = YES;
				CLANG_WARN_OBJC_LITERAL_CONVERSION = YES;
				CLANG_WARN_OBJC_ROOT_CLASS = YES_ERROR;
				CLANG_WARN_QUOTED_INCLUDE_IN_FRAMEWORK_HEADER = YES;
				CLANG_WARN_RANGE_LOOP_ANALYSIS = YES;
				CLANG_WARN_STRICT_PROTOTYPES = YES;
				CLANG_WARN_SUSPICIOUS_MOVE = YES;
				CLANG_WARN_UNGUARDED_AVAILABILITY = YES_AGGRESSIVE;
				CLANG_WARN_UNREACHABLE_CODE = YES;
				CLANG_WARN__DUPLICATE_METHOD_MATCH = YES;
				COPY_PHASE_STRIP = NO;
				DEBUG_INFORMATION_FORMAT = dwarf;
				ENABLE_STRICT_OBJC_MSGSEND = YES;
				ENABLE_TESTABILITY = YES;
				GCC_C_LANGUAGE_STANDARD = gnu11;
				GCC_DYNAMIC_NO_PIC = NO;
				GCC_NO_COMMON_BLOCKS = YES;
				GCC_OPTIMIZATION_LEVEL = 0;
				GCC_PREPROCESSOR_DEFINITIONS = (
					"DEBUG=1",
					"$(inherited)",
				);
				GCC_WARN_64_TO_32_BIT_CONVERSION = YES;
				GCC_WARN_ABOUT_RETURN_TYPE = YES_ERROR;
				GCC_WARN_UNDECLARED_SELECTOR = YES;
				GCC_WARN_UNINITIALIZED_AUTOS = YES_AGGRESSIVE;
				GCC_WARN_UNUSED_FUNCTION = YES;
				GCC_WARN_UNUSED_VARIABLE = YES;
				IPHONEOS_DEPLOYMENT_TARGET = 15.4;
				MTL_ENABLE_DEBUG_INFO = INCLUDE_SOURCE;
				MTL_FAST_MATH = YES;
				ONLY_ACTIVE_ARCH = YES;
				SDKROOT = iphoneos;
				SWIFT_ACTIVE_COMPILATION_CONDITIONS = DEBUG;
				SWIFT_OPTIMIZATION_LEVEL = "-Onone";
			};
			name = Debug;
		};
		AEF38C7F28A5F221002DC39D /* Release */ = {
			isa = XCBuildConfiguration;
			buildSettings = {
				ALWAYS_SEARCH_USER_PATHS = NO;
				CLANG_ANALYZER_NONNULL = YES;
				CLANG_ANALYZER_NUMBER_OBJECT_CONVERSION = YES_AGGRESSIVE;
				CLANG_CXX_LANGUAGE_STANDARD = "gnu++17";
				CLANG_ENABLE_MODULES = YES;
				CLANG_ENABLE_OBJC_ARC = YES;
				CLANG_ENABLE_OBJC_WEAK = YES;
				CLANG_WARN_BLOCK_CAPTURE_AUTORELEASING = YES;
				CLANG_WARN_BOOL_CONVERSION = YES;
				CLANG_WARN_COMMA = YES;
				CLANG_WARN_CONSTANT_CONVERSION = YES;
				CLANG_WARN_DEPRECATED_OBJC_IMPLEMENTATIONS = YES;
				CLANG_WARN_DIRECT_OBJC_ISA_USAGE = YES_ERROR;
				CLANG_WARN_DOCUMENTATION_COMMENTS = YES;
				CLANG_WARN_EMPTY_BODY = YES;
				CLANG_WARN_ENUM_CONVERSION = YES;
				CLANG_WARN_INFINITE_RECURSION = YES;
				CLANG_WARN_INT_CONVERSION = YES;
				CLANG_WARN_NON_LITERAL_NULL_CONVERSION = YES;
				CLANG_WARN_OBJC_IMPLICIT_RETAIN_SELF = YES;
				CLANG_WARN_OBJC_LITERAL_CONVERSION = YES;
				CLANG_WARN_OBJC_ROOT_CLASS = YES_ERROR;
				CLANG_WARN_QUOTED_INCLUDE_IN_FRAMEWORK_HEADER = YES;
				CLANG_WARN_RANGE_LOOP_ANALYSIS = YES;
				CLANG_WARN_STRICT_PROTOTYPES = YES;
				CLANG_WARN_SUSPICIOUS_MOVE = YES;
				CLANG_WARN_UNGUARDED_AVAILABILITY = YES_AGGRESSIVE;
				CLANG_WARN_UNREACHABLE_CODE = YES;
				CLANG_WARN__DUPLICATE_METHOD_MATCH = YES;
				COPY_PHASE_STRIP = NO;
				DEBUG_INFORMATION_FORMAT = "dwarf-with-dsym";
				ENABLE_NS_ASSERTIONS = NO;
				ENABLE_STRICT_OBJC_MSGSEND = YES;
				GCC_C_LANGUAGE_STANDARD = gnu11;
				GCC_NO_COMMON_BLOCKS = YES;
				GCC_WARN_64_TO_32_BIT_CONVERSION = YES;
				GCC_WARN_ABOUT_RETURN_TYPE = YES_ERROR;
				GCC_WARN_UNDECLARED_SELECTOR = YES;
				GCC_WARN_UNINITIALIZED_AUTOS = YES_AGGRESSIVE;
				GCC_WARN_UNUSED_FUNCTION = YES;
				GCC_WARN_UNUSED_VARIABLE = YES;
				IPHONEOS_DEPLOYMENT_TARGET = 15.4;
				MTL_ENABLE_DEBUG_INFO = NO;
				MTL_FAST_MATH = YES;
				SDKROOT = iphoneos;
				SWIFT_COMPILATION_MODE = wholemodule;
				SWIFT_OPTIMIZATION_LEVEL = "-O";
				VALIDATE_PRODUCT = YES;
			};
			name = Release;
		};
		AEF38C8128A5F221002DC39D /* Debug */ = {
			isa = XCBuildConfiguration;
			buildSettings = {
				ASSETCATALOG_COMPILER_APPICON_NAME = AppIcon;
				ASSETCATALOG_COMPILER_GLOBAL_ACCENT_COLOR_NAME = AccentColor;
				CODE_SIGN_STYLE = Automatic;
				CURRENT_PROJECT_VERSION = 1;
				DEVELOPMENT_TEAM = 8X338Z9W2W;
				GENERATE_INFOPLIST_FILE = YES;
				INFOPLIST_FILE = Tips/Info.plist;
				INFOPLIST_KEY_UIApplicationSupportsIndirectInputEvents = YES;
				INFOPLIST_KEY_UILaunchStoryboardName = LaunchScreen;
				INFOPLIST_KEY_UIMainStoryboardFile = Main;
				INFOPLIST_KEY_UISupportedInterfaceOrientations_iPad = "UIInterfaceOrientationPortrait UIInterfaceOrientationPortraitUpsideDown UIInterfaceOrientationLandscapeLeft UIInterfaceOrientationLandscapeRight";
				INFOPLIST_KEY_UISupportedInterfaceOrientations_iPhone = "UIInterfaceOrientationPortrait UIInterfaceOrientationLandscapeLeft UIInterfaceOrientationLandscapeRight";
				LD_RUNPATH_SEARCH_PATHS = (
					"$(inherited)",
					"@executable_path/Frameworks",
				);
				MARKETING_VERSION = 1.0;
				PRODUCT_BUNDLE_IDENTIFIER = khavi.Tips;
				PRODUCT_NAME = "$(TARGET_NAME)";
				SWIFT_EMIT_LOC_STRINGS = YES;
				SWIFT_VERSION = 5.0;
				TARGETED_DEVICE_FAMILY = "1,2";
			};
			name = Debug;
		};
		AEF38C8228A5F221002DC39D /* Release */ = {
			isa = XCBuildConfiguration;
			buildSettings = {
				ASSETCATALOG_COMPILER_APPICON_NAME = AppIcon;
				ASSETCATALOG_COMPILER_GLOBAL_ACCENT_COLOR_NAME = AccentColor;
				CODE_SIGN_STYLE = Automatic;
				CURRENT_PROJECT_VERSION = 1;
				DEVELOPMENT_TEAM = 8X338Z9W2W;
				GENERATE_INFOPLIST_FILE = YES;
				INFOPLIST_FILE = Tips/Info.plist;
				INFOPLIST_KEY_UIApplicationSupportsIndirectInputEvents = YES;
				INFOPLIST_KEY_UILaunchStoryboardName = LaunchScreen;
				INFOPLIST_KEY_UIMainStoryboardFile = Main;
				INFOPLIST_KEY_UISupportedInterfaceOrientations_iPad = "UIInterfaceOrientationPortrait UIInterfaceOrientationPortraitUpsideDown UIInterfaceOrientationLandscapeLeft UIInterfaceOrientationLandscapeRight";
				INFOPLIST_KEY_UISupportedInterfaceOrientations_iPhone = "UIInterfaceOrientationPortrait UIInterfaceOrientationLandscapeLeft UIInterfaceOrientationLandscapeRight";
				LD_RUNPATH_SEARCH_PATHS = (
					"$(inherited)",
					"@executable_path/Frameworks",
				);
				MARKETING_VERSION = 1.0;
				PRODUCT_BUNDLE_IDENTIFIER = khavi.Tips;
				PRODUCT_NAME = "$(TARGET_NAME)";
				SWIFT_EMIT_LOC_STRINGS = YES;
				SWIFT_VERSION = 5.0;
				TARGETED_DEVICE_FAMILY = "1,2";
			};
			name = Release;
		};
		AEF38C8428A5F221002DC39D /* Debug */ = {
			isa = XCBuildConfiguration;
			buildSettings = {
				ALWAYS_EMBED_SWIFT_STANDARD_LIBRARIES = YES;
				BUNDLE_LOADER = "$(TEST_HOST)";
				CODE_SIGN_STYLE = Automatic;
				CURRENT_PROJECT_VERSION = 1;
				DEVELOPMENT_TEAM = 8X338Z9W2W;
				GENERATE_INFOPLIST_FILE = YES;
				IPHONEOS_DEPLOYMENT_TARGET = 15.4;
				MARKETING_VERSION = 1.0;
				PRODUCT_BUNDLE_IDENTIFIER = khavi.TipsTests;
				PRODUCT_NAME = "$(TARGET_NAME)";
				SWIFT_EMIT_LOC_STRINGS = NO;
				SWIFT_VERSION = 5.0;
				TARGETED_DEVICE_FAMILY = "1,2";
				TEST_HOST = "$(BUILT_PRODUCTS_DIR)/Tips.app/Tips";
			};
			name = Debug;
		};
		AEF38C8528A5F221002DC39D /* Release */ = {
			isa = XCBuildConfiguration;
			buildSettings = {
				ALWAYS_EMBED_SWIFT_STANDARD_LIBRARIES = YES;
				BUNDLE_LOADER = "$(TEST_HOST)";
				CODE_SIGN_STYLE = Automatic;
				CURRENT_PROJECT_VERSION = 1;
				DEVELOPMENT_TEAM = 8X338Z9W2W;
				GENERATE_INFOPLIST_FILE = YES;
				IPHONEOS_DEPLOYMENT_TARGET = 15.4;
				MARKETING_VERSION = 1.0;
				PRODUCT_BUNDLE_IDENTIFIER = khavi.TipsTests;
				PRODUCT_NAME = "$(TARGET_NAME)";
				SWIFT_EMIT_LOC_STRINGS = NO;
				SWIFT_VERSION = 5.0;
				TARGETED_DEVICE_FAMILY = "1,2";
				TEST_HOST = "$(BUILT_PRODUCTS_DIR)/Tips.app/Tips";
			};
			name = Release;
		};
		AEF38C8728A5F221002DC39D /* Debug */ = {
			isa = XCBuildConfiguration;
			buildSettings = {
				ALWAYS_EMBED_SWIFT_STANDARD_LIBRARIES = YES;
				CODE_SIGN_STYLE = Automatic;
				CURRENT_PROJECT_VERSION = 1;
				DEVELOPMENT_TEAM = 8X338Z9W2W;
				GENERATE_INFOPLIST_FILE = YES;
				MARKETING_VERSION = 1.0;
				PRODUCT_BUNDLE_IDENTIFIER = khavi.TipsUITests;
				PRODUCT_NAME = "$(TARGET_NAME)";
				SWIFT_EMIT_LOC_STRINGS = NO;
				SWIFT_VERSION = 5.0;
				TARGETED_DEVICE_FAMILY = "1,2";
				TEST_TARGET_NAME = Tips;
			};
			name = Debug;
		};
		AEF38C8828A5F221002DC39D /* Release */ = {
			isa = XCBuildConfiguration;
			buildSettings = {
				ALWAYS_EMBED_SWIFT_STANDARD_LIBRARIES = YES;
				CODE_SIGN_STYLE = Automatic;
				CURRENT_PROJECT_VERSION = 1;
				DEVELOPMENT_TEAM = 8X338Z9W2W;
				GENERATE_INFOPLIST_FILE = YES;
				MARKETING_VERSION = 1.0;
				PRODUCT_BUNDLE_IDENTIFIER = khavi.TipsUITests;
				PRODUCT_NAME = "$(TARGET_NAME)";
				SWIFT_EMIT_LOC_STRINGS = NO;
				SWIFT_VERSION = 5.0;
				TARGETED_DEVICE_FAMILY = "1,2";
				TEST_TARGET_NAME = Tips;
			};
			name = Release;
		};
/* End XCBuildConfiguration section */

/* Begin XCConfigurationList section */
		AEF38C5128A5F21D002DC39D /* Build configuration list for PBXProject "Tips" */ = {
			isa = XCConfigurationList;
			buildConfigurations = (
				AEF38C7E28A5F221002DC39D /* Debug */,
				AEF38C7F28A5F221002DC39D /* Release */,
			);
			defaultConfigurationIsVisible = 0;
			defaultConfigurationName = Release;
		};
		AEF38C8028A5F221002DC39D /* Build configuration list for PBXNativeTarget "Tips" */ = {
			isa = XCConfigurationList;
			buildConfigurations = (
				AEF38C8128A5F221002DC39D /* Debug */,
				AEF38C8228A5F221002DC39D /* Release */,
			);
			defaultConfigurationIsVisible = 0;
			defaultConfigurationName = Release;
		};
		AEF38C8328A5F221002DC39D /* Build configuration list for PBXNativeTarget "TipsTests" */ = {
			isa = XCConfigurationList;
			buildConfigurations = (
				AEF38C8428A5F221002DC39D /* Debug */,
				AEF38C8528A5F221002DC39D /* Release */,
			);
			defaultConfigurationIsVisible = 0;
			defaultConfigurationName = Release;
		};
		AEF38C8628A5F221002DC39D /* Build configuration list for PBXNativeTarget "TipsUITests" */ = {
			isa = XCConfigurationList;
			buildConfigurations = (
				AEF38C8728A5F221002DC39D /* Debug */,
				AEF38C8828A5F221002DC39D /* Release */,
			);
			defaultConfigurationIsVisible = 0;
			defaultConfigurationName = Release;
		};
/* End XCConfigurationList section */
	};
	rootObject = AEF38C4E28A5F21D002DC39D /* Project object */;
}
